
Microsoft Visual Studio Solution File, Format Version 12.00
# Visual Studio Version 16
VisualStudioVersion = 16.0.28803.156
MinimumVisualStudioVersion = 10.0.40219.1
Project("{FAE04EC0-301F-11D3-BF4B-00C04F79EFBC}") = "Bookstore", "Bookstore\Bookstore.csproj", "{2BBB23F4-48FD-4415-A41F-CDF67E480B6E}"
EndProject
Global
	GlobalSection(SolutionConfigurationPlatforms) = preSolution
		Debug|Any CPU = Debug|Any CPU
		Release|Any CPU = Release|Any CPU
	EndGlobalSection
	GlobalSection(ProjectConfigurationPlatforms) = postSolution
		{2BBB23F4-48FD-4415-A41F-CDF67E480B6E}.Debug|Any CPU.ActiveCfg = Debug|Any CPU
		{2BBB23F4-48FD-4415-A41F-CDF67E480B6E}.Debug|Any CPU.Build.0 = Debug|Any CPU
		{2BBB23F4-48FD-4415-A41F-CDF67E480B6E}.Release|Any CPU.ActiveCfg = Release|Any CPU
		{2BBB23F4-48FD-4415-A41F-CDF67E480B6E}.Release|Any CPU.Build.0 = Release|Any CPU
	EndGlobalSection
	GlobalSection(SolutionProperties) = preSolution
		HideSolutionNode = FALSE
	EndGlobalSection
	GlobalSection(ExtensibilityGlobals) = postSolution
		SolutionGuid = {4077177B-05F9-47C4-97A0-3E4D9EBE1797}
	EndGlobalSection
EndGlobal
